// !$*UTF8*$!
{
	archiveVersion = 1;
	classes = {
	};
	objectVersion = 46;
	objects = {

/* Begin PBXBuildFile section */
		D1321B3A1C8734720033716D /* JZScrollTitleView.swift in Sources */ = {isa = PBXBuildFile; fileRef = D1321B391C8734720033716D /* JZScrollTitleView.swift */; };
		D163826F1C7F3FAA00CDE70F /* AppDelegate.swift in Sources */ = {isa = PBXBuildFile; fileRef = D163826E1C7F3FAA00CDE70F /* AppDelegate.swift */; };
		D16382711C7F3FAA00CDE70F /* ViewController.swift in Sources */ = {isa = PBXBuildFile; fileRef = D16382701C7F3FAA00CDE70F /* ViewController.swift */; };
		D16382741C7F3FAA00CDE70F /* Main.storyboard in Resources */ = {isa = PBXBuildFile; fileRef = D16382721C7F3FAA00CDE70F /* Main.storyboard */; };
		D16382761C7F3FAA00CDE70F /* Assets.xcassets in Resources */ = {isa = PBXBuildFile; fileRef = D16382751C7F3FAA00CDE70F /* Assets.xcassets */; };
		D16382791C7F3FAA00CDE70F /* LaunchScreen.storyboard in Resources */ = {isa = PBXBuildFile; fileRef = D16382771C7F3FAA00CDE70F /* LaunchScreen.storyboard */; };
/* End PBXBuildFile section */

/* Begin PBXFileReference section */
		D1321B391C8734720033716D /* JZScrollTitleView.swift */ = {isa = PBXFileReference; fileEncoding = 4; lastKnownFileType = sourcecode.swift; path = JZScrollTitleView.swift; sourceTree = "<group>"; };
		D163826B1C7F3FA900CDE70F /* JZScrollTitleView.app */ = {isa = PBXFileReference; explicitFileType = wrapper.application; includeInIndex = 0; path = JZScrollTitleView.app; sourceTree = BUILT_PRODUCTS_DIR; };
		D163826E1C7F3FAA00CDE70F /* AppDelegate.swift */ = {isa = PBXFileReference; lastKnownFileType = sourcecode.swift; path = AppDelegate.swift; sourceTree = "<group>"; };
		D16382701C7F3FAA00CDE70F /* ViewController.swift */ = {isa = PBXFileReference; lastKnownFileType = sourcecode.swift; path = ViewController.swift; sourceTree = "<group>"; };
		D16382731C7F3FAA00CDE70F /* Base */ = {isa = PBXFileReference; lastKnownFileType = file.storyboard; name = Base; path = Base.lproj/Main.storyboard; sourceTree = "<group>"; };
		D16382751C7F3FAA00CDE70F /* Assets.xcassets */ = {isa = PBXFileReference; lastKnownFileType = folder.assetcatalog; path = Assets.xcassets; sourceTree = "<group>"; };
		D16382781C7F3FAA00CDE70F /* Base */ = {isa = PBXFileReference; lastKnownFileType = file.storyboard; name = Base; path = Base.lproj/LaunchScreen.storyboard; sourceTree = "<group>"; };
		D163827A1C7F3FAA00CDE70F /* Info.plist */ = {isa = PBXFileReference; lastKnownFileType = text.plist.xml; path = Info.plist; sourceTree = "<group>"; };
/* End PBXFileReference section */

/* Begin PBXFrameworksBuildPhase section */
		D16382681C7F3FA900CDE70F /* Frameworks */ = {
			isa = PBXFrameworksBuildPhase;
			buildActionMask = 2147483647;
			files = (
			);
			runOnlyForDeploymentPostprocessing = 0;
		};
/* End PBXFrameworksBuildPhase section */

/* Begin PBXGroup section */
		D1321B381C8734720033716D /* JZScrollTitleView */ = {
			isa = PBXGroup;
			children = (
				D1321B391C8734720033716D /* JZScrollTitleView.swift */,
			);
			path = JZScrollTitleView;
			sourceTree = "<group>";
		};
		D16382621C7F3FA900CDE70F = {
			isa = PBXGroup;
			children = (
				D163826D1C7F3FAA00CDE70F /* JZScrollTitleView */,
				D163826C1C7F3FA900CDE70F /* Products */,
			);
			sourceTree = "<group>";
		};
		D163826C1C7F3FA900CDE70F /* Products */ = {
			isa = PBXGroup;
			children = (
				D163826B1C7F3FA900CDE70F /* JZScrollTitleView.app */,
			);
			name = Products;
			sourceTree = "<group>";
		};
		D163826D1C7F3FAA00CDE70F /* JZScrollTitleView */ = {
			isa = PBXGroup;
			children = (
				D1321B381C8734720033716D /* JZScrollTitleView */,
				D163826E1C7F3FAA00CDE70F /* AppDelegate.swift */,
				D16382701C7F3FAA00CDE70F /* ViewController.swift */,
				D16382721C7F3FAA00CDE70F /* Main.storyboard */,
				D16382751C7F3FAA00CDE70F /* Assets.xcassets */,
				D16382771C7F3FAA00CDE70F /* LaunchScreen.storyboard */,
				D163827A1C7F3FAA00CDE70F /* Info.plist */,
			);
			path = JZScrollTitleView;
			sourceTree = "<group>";
		};
/* End PBXGroup section */

/* Begin PBXNativeTarget section */
		D163826A1C7F3FA900CDE70F /* JZScrollTitleView */ = {
			isa = PBXNativeTarget;
			buildConfigurationList = D163827D1C7F3FAA00CDE70F /* Build configuration list for PBXNativeTarget "JZScrollTitleView" */;
			buildPhases = (
				D16382671C7F3FA900CDE70F /* Sources */,
				D16382681C7F3FA900CDE70F /* Frameworks */,
				D16382691C7F3FA900CDE70F /* Resources */,
			);
			buildRules = (
			);
			dependencies = (
			);
			name = JZScrollTitleView;
			productName = JZScrollTitleView;
			productReference = D163826B1C7F3FA900CDE70F /* JZScrollTitleView.app */;
			productType = "com.apple.product-type.application";
		};
/* End PBXNativeTarget section */

/* Begin PBXProject section */
		D16382631C7F3FA900CDE70F /* Project object */ = {
			isa = PBXProject;
			attributes = {
				LastSwiftUpdateCheck = 0720;
				LastUpgradeCheck = 0720;
				ORGANIZATIONNAME = jezong;
				TargetAttributes = {
					D163826A1C7F3FA900CDE70F = {
						CreatedOnToolsVersion = 7.2;
					};
				};
			};
			buildConfigurationList = D16382661C7F3FA900CDE70F /* Build configuration list for PBXProject "JZScrollTitleView" */;
			compatibilityVersion = "Xcode 3.2";
			developmentRegion = English;
			hasScannedForEncodings = 0;
			knownRegions = (
				en,
				Base,
			);
			mainGroup = D16382621C7F3FA900CDE70F;
			productRefGroup = D163826C1C7F3FA900CDE70F /* Products */;
			projectDirPath = "";
			projectRoot = "";
			targets = (
				D163826A1C7F3FA900CDE70F /* JZScrollTitleView */,
			);
		};
/* End PBXProject section */

/* Begin PBXResourcesBuildPhase section */
		D16382691C7F3FA900CDE70F /* Resources */ = {
			isa = PBXResourcesBuildPhase;
			buildActionMask = 2147483647;
			files = (
				D16382791C7F3FAA00CDE70F /* LaunchScreen.storyboard in Resources */,
				D16382761C7F3FAA00CDE70F /* Assets.xcassets in Resources */,
				D16382741C7F3FAA00CDE70F /* Main.storyboard in Resources */,
			);
			runOnlyForDeploymentPostprocessing = 0;
		};
/* End PBXResourcesBuildPhase section */

/* Begin PBXSourcesBuildPhase section */
		D16382671C7F3FA900CDE70F /* Sources */ = {
			isa = PBXSourcesBuildPhase;
			buildActionMask = 2147483647;
			files = (
				D1321B3A1C8734720033716D /* JZScrollTitleView.swift in Sources */,
				D16382711C7F3FAA00CDE70F /* ViewController.swift in Sources */,
				D163826F1C7F3FAA00CDE70F /* AppDelegate.swift in Sources */,
			);
			runOnlyForDeploymentPostprocessing = 0;
		};
/* End PBXSourcesBuildPhase section */

/* Begin PBXVariantGroup section */
		D16382721C7F3FAA00CDE70F /* Main.storyboard */ = {
			isa = PBXVariantGroup;
			children = (
				D16382731C7F3FAA00CDE70F /* Base */,
			);
			name = Main.storyboard;
			sourceTree = "<group>";
		};
		D16382771C7F3FAA00CDE70F /* LaunchScreen.storyboard */ = {
			isa = PBXVariantGroup;
			children = (
				D16382781C7F3FAA00CDE70F /* Base */,
			);
			name = LaunchScreen.storyboard;
			sourceTree = "<group>";
		};
/* End PBXVariantGroup section */

/* Begin XCBuildConfiguration section */
		D163827B1C7F3FAA00CDE70F /* Debug */ = {
			isa = XCBuildConfiguration;
			buildSettings = {
				ALWAYS_SEARCH_USER_PATHS = NO;
				CLANG_CXX_LANGUAGE_STANDARD = "gnu++0x";
				CLANG_CXX_LIBRARY = "libc++";
				CLANG_ENABLE_MODULES = YES;
				CLANG_ENABLE_OBJC_ARC = YES;
				CLANG_WARN_BOOL_CONVERSION = YES;
				CLANG_WARN_CONSTANT_CONVERSION = YES;
				CLANG_WARN_DIRECT_OBJC_ISA_USAGE = YES_ERROR;
				CLANG_WARN_EMPTY_BODY = YES;
				CLANG_WARN_ENUM_CONVERSION = YES;
				CLANG_WARN_INT_CONVERSION = YES;
				CLANG_WARN_OBJC_ROOT_CLASS = YES_ERROR;
				CLANG_WARN_UNREACHABLE_CODE = YES;
				CLANG_WARN__DUPLICATE_METHOD_MATCH = YES;
				"CODE_SIGN_IDENTITY[sdk=iphoneos*]" = "iPhone Developer";
				COPY_PHASE_STRIP = NO;
				DEBUG_INFORMATION_FORMAT = dwarf;
				ENABLE_STRICT_OBJC_MSGSEND = YES;
				ENABLE_TESTABILITY = YES;
				GCC_C_LANGUAGE_STANDARD = gnu99;
				GCC_DYNAMIC_NO_PIC = NO;
				GCC_NO_COMMON_BLOCKS = YES;
				GCC_OPTIMIZATION_LEVEL = 0;
				GCC_PREPROCESSOR_DEFINITIONS = (
					"DEBUG=1",
					"$(inherited)",
				);
				GCC_WARN_64_TO_32_BIT_CONVERSION = YES;
				GCC_WARN_ABOUT_RETURN_TYPE = YES_ERROR;
				GCC_WARN_UNDECLARED_SELECTOR = YES;
				GCC_WARN_UNINITIALIZED_AUTOS = YES_AGGRESSIVE;
				GCC_WARN_UNUSED_FUNCTION = YES;
				GCC_WARN_UNUSED_VARIABLE = YES;
				IPHONEOS_DEPLOYMENT_TARGET = 9.2;
				MTL_ENABLE_DEBUG_INFO = YES;
				ONLY_ACTIVE_ARCH = YES;
				SDKROOT = iphoneos;
				SWIFT_OPTIMIZATION_LEVEL = "-Onone";
			};
			name = Debug;
		};
		D163827C1C7F3FAA00CDE70F /* Release */ = {
			isa = XCBuildConfiguration;
			buildSettings = {
				ALWAYS_SEARCH_USER_PATHS = NO;
				CLANG_CXX_LANGUAGE_STANDARD = "gnu++0x";
				CLANG_CXX_LIBRARY = "libc++";
				CLANG_ENABLE_MODULES = YES;
				CLANG_ENABLE_OBJC_ARC = YES;
				CLANG_WARN_BOOL_CONVERSION = YES;
				CLANG_WARN_CONSTANT_CONVERSION = YES;
				CLANG_WARN_DIRECT_OBJC_ISA_USAGE = YES_ERROR;
				CLANG_WARN_EMPTY_BODY = YES;
				CLANG_WARN_ENUM_CONVERSION = YES;
				CLANG_WARN_INT_CONVERSION = YES;
				CLANG_WARN_OBJC_ROOT_CLASS = YES_ERROR;
				CLANG_WARN_UNREACHABLE_CODE = YES;
				CLANG_WARN__DUPLICATE_METHOD_MATCH = YES;
				"CODE_SIGN_IDENTITY[sdk=iphoneos*]" = "iPhone Developer";
				COPY_PHASE_STRIP = NO;
				DEBUG_INFORMATION_FORMAT = "dwarf-with-dsym";
				ENABLE_NS_ASSERTIONS = NO;
				ENABLE_STRICT_OBJC_MSGSEND = YES;
				GCC_C_LANGUAGE_STANDARD = gnu99;
				GCC_NO_COMMON_BLOCKS = YES;
				GCC_WARN_64_TO_32_BIT_CONVERSION = YES;
				GCC_WARN_ABOUT_RETURN_TYPE = YES_ERROR;
				GCC_WARN_UNDECLARED_SELECTOR = YES;
				GCC_WARN_UNINITIALIZED_AUTOS = YES_AGGRESSIVE;
				GCC_WARN_UNUSED_FUNCTION = YES;
				GCC_WARN_UNUSED_VARIABLE = YES;
				IPHONEOS_DEPLOYMENT_TARGET = 9.2;
				MTL_ENABLE_DEBUG_INFO = NO;
				SDKROOT = iphoneos;
				VALIDATE_PRODUCT = YES;
			};
			name = Release;
		};
		D163827E1C7F3FAA00CDE70F /* Debug */ = {
			isa = XCBuildConfiguration;
			buildSettings = {
				ASSETCATALOG_COMPILER_APPICON_NAME = AppIcon;
				INFOPLIST_FILE = JZScrollTitleView/Info.plist;
				LD_RUNPATH_SEARCH_PATHS = "$(inherited) @executable_path/Frameworks";
				PRODUCT_BUNDLE_IDENTIFIER = com.jezong.JZScrollTitleView;
				PRODUCT_NAME = "$(TARGET_NAME)";
			};
			name = Debug;
		};
		D163827F1C7F3FAA00CDE70F /* Release */ = {
			isa = XCBuildConfiguration;
			buildSettings = {
				ASSETCATALOG_COMPILER_APPICON_NAME = AppIcon;
				INFOPLIST_FILE = JZScrollTitleView/Info.plist;
				LD_RUNPATH_SEARCH_PATHS = "$(inherited) @executable_path/Frameworks";
				PRODUCT_BUNDLE_IDENTIFIER = com.jezong.JZScrollTitleView;
				PRODUCT_NAME = "$(TARGET_NAME)";
			};
			name = Release;
		};
/* End XCBuildConfiguration section */

/* Begin XCConfigurationList section */
		D16382661C7F3FA900CDE70F /* Build configuration list for PBXProject "JZScrollTitleView" */ = {
			isa = XCConfigurationList;
			buildConfigurations = (
				D163827B1C7F3FAA00CDE70F /* Debug */,
				D163827C1C7F3FAA00CDE70F /* Release */,
			);
			defaultConfigurationIsVisible = 0;
			defaultConfigurationName = Release;
		};
		D163827D1C7F3FAA00CDE70F /* Build configuration list for PBXNativeTarget "JZScrollTitleView" */ = {
			isa = XCConfigurationList;
			buildConfigurations = (
				D163827E1C7F3FAA00CDE70F /* Debug */,
				D163827F1C7F3FAA00CDE70F /* Release */,
			);
			defaultConfigurationIsVisible = 0;
			defaultConfigurationName = Release;
		};
/* End XCConfigurationList section */
	};
	rootObject = D16382631C7F3FA900CDE70F /* Project object */;
}
